
Microsoft Visual Studio Solution File, Format Version 12.00
# Visual Studio Version 17
VisualStudioVersion = 17.5.002.0
MinimumVisualStudioVersion = 10.0.40219.1
Project("{9A19103F-16F7-4668-BE54-9A1E7A4F7556}") = "BusBooking.DotNet", "BusBooking.DotNet.csproj", "{94A8F12C-E70E-4706-BD23-A3ED2D6317FA}"
EndProject
Global
	GlobalSection(SolutionConfigurationPlatforms) = preSolution
		Debug|Any CPU = Debug|Any CPU
		Release|Any CPU = Release|Any CPU
	EndGlobalSection
	GlobalSection(ProjectConfigurationPlatforms) = postSolution
		{94A8F12C-E70E-4706-BD23-A3ED2D6317FA}.Debug|Any CPU.ActiveCfg = Debug|Any CPU
		{94A8F12C-E70E-4706-BD23-A3ED2D6317FA}.Debug|Any CPU.Build.0 = Debug|Any CPU
		{94A8F12C-E70E-4706-BD23-A3ED2D6317FA}.Release|Any CPU.ActiveCfg = Release|Any CPU
		{94A8F12C-E70E-4706-BD23-A3ED2D6317FA}.Release|Any CPU.Build.0 = Release|Any CPU
	EndGlobalSection
	GlobalSection(SolutionProperties) = preSolution
		HideSolutionNode = FALSE
	EndGlobalSection
	GlobalSection(ExtensibilityGlobals) = postSolution
		SolutionGuid = {BB218F73-6E8E-4856-BCA3-D8A52F3C752A}
	EndGlobalSection
EndGlobal
